<?xml version="1.0" encoding="utf-8"?>
<Project ToolsVersion="4.0" xmlns="http://schemas.microsoft.com/developer/msbuild/2003">
  <ItemGroup>
    <Filter Include="Source Files">
      <UniqueIdentifier>{4FC737F1-C7A5-4376-A066-2A32D752A2FF}</UniqueIdentifier>
      <Extensions>cpp;c;cc;cxx;c++;cppm;ixx;def;odl;idl;hpj;bat;asm;asmx</Extensions>
    </Filter>
    <Filter Include="Header Files">
      <UniqueIdentifier>{93995380-89BD-4b04-88EB-625FBE52EBFB}</UniqueIdentifier>
      <Extensions>h;hh;hpp;hxx;h++;hm;inl;inc;ipp;xsd</Extensions>
    </Filter>
    <Filter Include="Resource Files">
      <UniqueIdentifier>{67DA6AB6-F800-4c08-8B7A-83BB121AAD01}</UniqueIdentifier>
      <Extensions>rc;ico;cur;bmp;dlg;rc2;rct;bin;rgs;gif;jpg;jpeg;jpe;resx;tiff;tif;png;wav;mfcribbon-ms</Extensions>
    </Filter>
    <Filter Include="Source Files\Script">
      <UniqueIdentifier>{8db0ae41-f979-4fbe-8c56-8eb611bf4034}</UniqueIdentifier>
    </Filter>
    <Filter Include="Source Files\Compiler">
      <UniqueIdentifier>{de29fdb5-abb9-4774-8156-4ef1c6446c99}</UniqueIdentifier>
    </Filter>
    <Filter Include="Header Files\Compiler">
      <UniqueIdentifier>{330e1430-93c2-436a-ba23-87d441dfbd71}</UniqueIdentifier>
    </Filter>
    <Filter Include="Source Files\Slyvina">
      <UniqueIdentifier>{1b394574-e667-4a94-9ee3-b6fea185cc59}</UniqueIdentifier>
    </Filter>
    <Filter Include="Source Files\Slyvina\Units">
      <UniqueIdentifier>{223ba4c8-5ae6-4f74-a254-2e25b8399a3a}</UniqueIdentifier>
    </Filter>
    <Filter Include="Header Files\Lua">
      <UniqueIdentifier>{d359debb-cbb8-4529-bbd4-adf69f9e29e0}</UniqueIdentifier>
    </Filter>
    <Filter Include="Source Files\dlls">
      <UniqueIdentifier>{40c79859-4932-4e54-b2bc-2f38cceac89c}</UniqueIdentifier>
    </Filter>
    <Filter Include="Header Files\Slyvina">
      <UniqueIdentifier>{4ae3e391-5450-4af5-ac71-a72647c16972}</UniqueIdentifier>
    </Filter>
    <Filter Include="Header Files\Slyvina\Units">
      <UniqueIdentifier>{d0c18f67-e02a-44de-8015-f1abc96c05ee}</UniqueIdentifier>
    </Filter>
    <Filter Include="Header Files\Slyvina\JCR6">
      <UniqueIdentifier>{5b902f87-9848-4e68-9015-beba7338b7ba}</UniqueIdentifier>
    </Filter>
    <Filter Include="Header Files\Slyvina\Lunatic">
      <UniqueIdentifier>{a0c6462f-6803-4a0a-84fd-1f90504428d5}</UniqueIdentifier>
    </Filter>
    <Filter Include="Source Files\Slyvina\JCR6">
      <UniqueIdentifier>{0d2845ed-5d4e-437c-a504-5caa99b04106}</UniqueIdentifier>
    </Filter>
  </ItemGroup>
  <ItemGroup>
    <CopyFileToFolders Include="Script\ScyndiCore.lua">
      <Filter>Source Files\Script</Filter>
    </CopyFileToFolders>
    <CopyFileToFolders Include="..\..\Libs\JCR6\3rdParty\zlib\zlib.dll">
      <Filter>Source Files\dlls</Filter>
    </CopyFileToFolders>
  </ItemGroup>
  <ItemGroup>
    <None Include="Script\ScyndiCoreTest.lua">
      <Filter>Source Files\Script</Filter>
    </None>
    <None Include="Script\ScyndiCoreDump.lua">
      <Filter>Source Files\Script</Filter>
    </None>
    <None Include="..\..\Libs\Lunatic\Lua\Raw\src\Makefile">
      <Filter>Header Files\Lua</Filter>
    </None>
    <None Include="..\..\Libs\Lunatic\Lua\Lib\Lua.dll">
      <Filter>Source Files\dlls</Filter>
    </None>
  </ItemGroup>
  <ItemGroup>
    <ClCompile Include="Scyndi.cpp">
      <Filter>Source Files</Filter>
    </ClCompile>
    <ClCompile Include="Compiler\ScyndiGlobals.cpp">
      <Filter>Source Files\Compiler</Filter>
    </ClCompile>
    <ClCompile Include="..\..\Libs\Units\Source\SlyvAsk.cpp">
      <Filter>Source Files\Slyvina\Units</Filter>
    </ClCompile>
    <ClCompile Include="..\..\Libs\Units\Source\SlyvBank.cpp">
      <Filter>Source Files\Slyvina\Units</Filter>
    </ClCompile>
    <ClCompile Include="..\..\Libs\Units\Source\SlyvDir.cpp">
      <Filter>Source Files\Slyvina\Units</Filter>
    </ClCompile>
    <ClCompile Include="..\..\Libs\Units\Source\SlyvQCol.cpp">
      <Filter>Source Files\Slyvina\Units</Filter>
    </ClCompile>
    <ClCompile Include="..\..\Libs\Units\Source\SlyvSTOI.cpp">
      <Filter>Source Files\Slyvina\Units</Filter>
    </ClCompile>
    <ClCompile Include="..\..\Libs\Units\Source\SlyvStream.cpp">
      <Filter>Source Files\Slyvina\Units</Filter>
    </ClCompile>
    <ClCompile Include="..\..\Libs\Units\Source\SlyvString.cpp">
      <Filter>Source Files\Slyvina\Units</Filter>
    </ClCompile>
    <ClCompile Include="..\..\Libs\Units\Source\SlyvTime.cpp">
      <Filter>Source Files\Slyvina\Units</Filter>
    </ClCompile>
    <ClCompile Include="..\..\Libs\Units\Source\SlyvVolumes.cpp">
      <Filter>Source Files\Slyvina\Units</Filter>
    </ClCompile>
    <ClCompile Include="Compiler\Translate.cpp">
      <Filter>Source Files\Compiler</Filter>
    </ClCompile>
    <ClCompile Include="Compiler\KeyWords.cpp">
      <Filter>Source Files\Compiler</Filter>
    </ClCompile>
    <ClCompile Include="..\..\Libs\Units\Source\SlyvArgParse.cpp">
      <Filter>Source Files\Slyvina\Units</Filter>
    </ClCompile>
    <ClCompile Include="Compiler\Config.cpp">
      <Filter>Source Files\Compiler</Filter>
    </ClCompile>
    <ClCompile Include="Compiler\ScyndiProject.cpp">
      <Filter>Source Files\Compiler</Filter>
    </ClCompile>
    <ClCompile Include="..\..\Libs\JCR6\Source\JCR6_Core.cpp">
      <Filter>Source Files\Slyvina\JCR6</Filter>
    </ClCompile>
    <ClCompile Include="..\..\Libs\JCR6\Source\JCR6_Write.cpp">
      <Filter>Source Files\Slyvina\JCR6</Filter>
    </ClCompile>
    <ClCompile Include="..\..\Libs\JCR6\Source\JCR6_zlib.cpp">
      <Filter>Source Files\Slyvina\JCR6</Filter>
    </ClCompile>
    <ClCompile Include="..\..\Libs\JCR6\Source\JCR6_RealDir.cpp">
      <Filter>Source Files\Slyvina\JCR6</Filter>
    </ClCompile>
    <ClCompile Include="..\..\Libs\Units\Source\SlyvMD5.cpp">
      <Filter>Source Files\Slyvina\Units</Filter>
    </ClCompile>
    <ClCompile Include="Compiler\SaveTranslation.cpp">
      <Filter>Source Files\Compiler</Filter>
    </ClCompile>
    <ClCompile Include="..\..\Libs\Lunatic\Lua\Raw\src\lapi.c">
      <Filter>Header Files\Lua</Filter>
    </ClCompile>
    <ClCompile Include="..\..\Libs\Lunatic\Lua\Raw\src\lauxlib.c">
      <Filter>Header Files\Lua</Filter>
    </ClCompile>
    <ClCompile Include="..\..\Libs\Lunatic\Lua\Raw\src\lbaselib.c">
      <Filter>Header Files\Lua</Filter>
    </ClCompile>
    <ClCompile Include="..\..\Libs\Lunatic\Lua\Raw\src\lcode.c">
      <Filter>Header Files\Lua</Filter>
    </ClCompile>
    <ClCompile Include="..\..\Libs\Lunatic\Lua\Raw\src\lcorolib.c">
      <Filter>Header Files\Lua</Filter>
    </ClCompile>
    <ClCompile Include="..\..\Libs\Lunatic\Lua\Raw\src\lctype.c">
      <Filter>Header Files\Lua</Filter>
    </ClCompile>
    <ClCompile Include="..\..\Libs\Lunatic\Lua\Raw\src\ldblib.c">
      <Filter>Header Files\Lua</Filter>
    </ClCompile>
    <ClCompile Include="..\..\Libs\Lunatic\Lua\Raw\src\ldebug.c">
      <Filter>Header Files\Lua</Filter>
    </ClCompile>
    <ClCompile Include="..\..\Libs\Lunatic\Lua\Raw\src\ldo.c">
      <Filter>Header Files\Lua</Filter>
    </ClCompile>
    <ClCompile Include="..\..\Libs\Lunatic\Lua\Raw\src\ldump.c">
      <Filter>Header Files\Lua</Filter>
    </ClCompile>
    <ClCompile Include="..\..\Libs\Lunatic\Lua\Raw\src\lfunc.c">
      <Filter>Header Files\Lua</Filter>
    </ClCompile>
    <ClCompile Include="..\..\Libs\Lunatic\Lua\Raw\src\lgc.c">
      <Filter>Header Files\Lua</Filter>
    </ClCompile>
    <ClCompile Include="..\..\Libs\Lunatic\Lua\Raw\src\linit.c">
      <Filter>Header Files\Lua</Filter>
    </ClCompile>
    <ClCompile Include="..\..\Libs\Lunatic\Lua\Raw\src\liolib.c">
      <Filter>Header Files\Lua</Filter>
    </ClCompile>
    <ClCompile Include="..\..\Libs\Lunatic\Lua\Raw\src\llex.c">
      <Filter>Header Files\Lua</Filter>
    </ClCompile>
    <ClCompile Include="..\..\Libs\Lunatic\Lua\Raw\src\lmathlib.c">
      <Filter>Header Files\Lua</Filter>
    </ClCompile>
    <ClCompile Include="..\..\Libs\Lunatic\Lua\Raw\src\lmem.c">
      <Filter>Header Files\Lua</Filter>
    </ClCompile>
    <ClCompile Include="..\..\Libs\Lunatic\Lua\Raw\src\loadlib.c">
      <Filter>Header Files\Lua</Filter>
    </ClCompile>
    <ClCompile Include="..\..\Libs\Lunatic\Lua\Raw\src\lobject.c">
      <Filter>Header Files\Lua</Filter>
    </ClCompile>
    <ClCompile Include="..\..\Libs\Lunatic\Lua\Raw\src\lopcodes.c">
      <Filter>Header Files\Lua</Filter>
    </ClCompile>
    <ClCompile Include="..\..\Libs\Lunatic\Lua\Raw\src\loslib.c">
      <Filter>Header Files\Lua</Filter>
    </ClCompile>
    <ClCompile Include="..\..\Libs\Lunatic\Lua\Raw\src\lparser.c">
      <Filter>Header Files\Lua</Filter>
    </ClCompile>
    <ClCompile Include="..\..\Libs\Lunatic\Lua\Raw\src\lstate.c">
      <Filter>Header Files\Lua</Filter>
    </ClCompile>
    <ClCompile Include="..\..\Libs\Lunatic\Lua\Raw\src\lstring.c">
      <Filter>Header Files\Lua</Filter>
    </ClCompile>
    <ClCompile Include="..\..\Libs\Lunatic\Lua\Raw\src\lstrlib.c">
      <Filter>Header Files\Lua</Filter>
    </ClCompile>
    <ClCompile Include="..\..\Libs\Lunatic\Lua\Raw\src\ltable.c">
      <Filter>Header Files\Lua</Filter>
    </ClCompile>
    <ClCompile Include="..\..\Libs\Lunatic\Lua\Raw\src\ltablib.c">
      <Filter>Header Files\Lua</Filter>
    </ClCompile>
    <ClCompile Include="..\..\Libs\Lunatic\Lua\Raw\src\ltm.c">
      <Filter>Header Files\Lua</Filter>
    </ClCompile>
    <ClCompile Include="..\..\Libs\Lunatic\Lua\Raw\src\lundump.c">
      <Filter>Header Files\Lua</Filter>
    </ClCompile>
    <ClCompile Include="..\..\Libs\Lunatic\Lua\Raw\src\lutf8lib.c">
      <Filter>Header Files\Lua</Filter>
    </ClCompile>
    <ClCompile Include="..\..\Libs\Lunatic\Lua\Raw\src\lvm.c">
      <Filter>Header Files\Lua</Filter>
    </ClCompile>
    <ClCompile Include="..\..\Libs\Lunatic\Lua\Raw\src\lzio.c">
      <Filter>Header Files\Lua</Filter>
    </ClCompile>
  </ItemGroup>
  <ItemGroup>
    <ClInclude Include="Compiler\ScyndiGlobals.hpp">
      <Filter>Header Files\Compiler</Filter>
    </ClInclude>
    <ClInclude Include="ScyndiVersion.hpp">
      <Filter>Header Files</Filter>
    </ClInclude>
    <ClInclude Include="..\..\Libs\Lunatic\Lunatic.hpp">
      <Filter>Header Files\Slyvina\Lunatic</Filter>
    </ClInclude>
    <ClInclude Include="Compiler\Translate.hpp">
      <Filter>Header Files</Filter>
    </ClInclude>
    <ClInclude Include="Compiler\Keywords.hpp">
      <Filter>Header Files\Compiler</Filter>
    </ClInclude>
    <ClInclude Include="..\..\Libs\Units\Headers\SlyvVecSearch.hpp">
      <Filter>Header Files\Slyvina\Units</Filter>
    </ClInclude>
    <ClInclude Include="..\..\Libs\Units\Headers\SlyvArgParse.hpp">
      <Filter>Header Files\Slyvina\Units</Filter>
    </ClInclude>
    <ClInclude Include="Compiler\Config.hpp">
      <Filter>Header Files\Compiler</Filter>
    </ClInclude>
    <ClInclude Include="..\..\Libs\Units\Headers\SlyvQCol.hpp">
      <Filter>Header Files\Slyvina\Units</Filter>
    </ClInclude>
    <ClInclude Include="Compiler\ScyndiProject.hpp">
      <Filter>Header Files\Compiler</Filter>
    </ClInclude>
    <ClInclude Include="..\..\Libs\Units\Headers\SlyvAsk.hpp">
      <Filter>Header Files\Slyvina\Units</Filter>
    </ClInclude>
    <ClInclude Include="..\..\Libs\JCR6\Headers\JCR6_RealDir.hpp">
      <Filter>Header Files\Slyvina\JCR6</Filter>
    </ClInclude>
    <ClInclude Include="..\..\Libs\Units\Headers\SlyvMD5.hpp">
      <Filter>Header Files\Slyvina\Units</Filter>
    </ClInclude>
    <ClInclude Include="Compiler\SaveTranslation.hpp">
      <Filter>Header Files\Compiler</Filter>
    </ClInclude>
    <ClInclude Include="..\..\Libs\Lunatic\Lua\Raw\src\lapi.h">
      <Filter>Header Files\Lua</Filter>
    </ClInclude>
    <ClInclude Include="..\..\Libs\Lunatic\Lua\Raw\src\lauxlib.h">
      <Filter>Header Files\Lua</Filter>
    </ClInclude>
    <ClInclude Include="..\..\Libs\Lunatic\Lua\Raw\src\lcode.h">
      <Filter>Header Files\Lua</Filter>
    </ClInclude>
    <ClInclude Include="..\..\Libs\Lunatic\Lua\Raw\src\lctype.h">
      <Filter>Header Files\Lua</Filter>
    </ClInclude>
    <ClInclude Include="..\..\Libs\Lunatic\Lua\Raw\src\ldebug.h">
      <Filter>Header Files\Lua</Filter>
    </ClInclude>
    <ClInclude Include="..\..\Libs\Lunatic\Lua\Raw\src\ldo.h">
      <Filter>Header Files\Lua</Filter>
    </ClInclude>
    <ClInclude Include="..\..\Libs\Lunatic\Lua\Raw\src\lfunc.h">
      <Filter>Header Files\Lua</Filter>
    </ClInclude>
    <ClInclude Include="..\..\Libs\Lunatic\Lua\Raw\src\lgc.h">
      <Filter>Header Files\Lua</Filter>
    </ClInclude>
    <ClInclude Include="..\..\Libs\Lunatic\Lua\Raw\src\ljumptab.h">
      <Filter>Header Files\Lua</Filter>
    </ClInclude>
    <ClInclude Include="..\..\Libs\Lunatic\Lua\Raw\src\llex.h">
      <Filter>Header Files\Lua</Filter>
    </ClInclude>
    <ClInclude Include="..\..\Libs\Lunatic\Lua\Raw\src\llimits.h">
      <Filter>Header Files\Lua</Filter>
    </ClInclude>
    <ClInclude Include="..\..\Libs\Lunatic\Lua\Raw\src\lmem.h">
      <Filter>Header Files\Lua</Filter>
    </ClInclude>
    <ClInclude Include="..\..\Libs\Lunatic\Lua\Raw\src\lobject.h">
      <Filter>Header Files\Lua</Filter>
    </ClInclude>
    <ClInclude Include="..\..\Libs\Lunatic\Lua\Raw\src\lopcodes.h">
      <Filter>Header Files\Lua</Filter>
    </ClInclude>
    <ClInclude Include="..\..\Libs\Lunatic\Lua\Raw\src\lopnames.h">
      <Filter>Header Files\Lua</Filter>
    </ClInclude>
    <ClInclude Include="..\..\Libs\Lunatic\Lua\Raw\src\lparser.h">
      <Filter>Header Files\Lua</Filter>
    </ClInclude>
    <ClInclude Include="..\..\Libs\Lunatic\Lua\Raw\src\lprefix.h">
      <Filter>Header Files\Lua</Filter>
    </ClInclude>
    <ClInclude Include="..\..\Libs\Lunatic\Lua\Raw\src\lstate.h">
      <Filter>Header Files\Lua</Filter>
    </ClInclude>
    <ClInclude Include="..\..\Libs\Lunatic\Lua\Raw\src\lstring.h">
      <Filter>Header Files\Lua</Filter>
    </ClInclude>
    <ClInclude Include="..\..\Libs\Lunatic\Lua\Raw\src\ltable.h">
      <Filter>Header Files\Lua</Filter>
    </ClInclude>
    <ClInclude Include="..\..\Libs\Lunatic\Lua\Raw\src\ltm.h">
      <Filter>Header Files\Lua</Filter>
    </ClInclude>
    <ClInclude Include="..\..\Libs\Lunatic\Lua\Raw\src\lua.h">
      <Filter>Header Files\Lua</Filter>
    </ClInclude>
    <ClInclude Include="..\..\Libs\Lunatic\Lua\Raw\src\lua.hpp">
      <Filter>Header Files\Lua</Filter>
    </ClInclude>
    <ClInclude Include="..\..\Libs\Lunatic\Lua\Raw\src\luaconf.h">
      <Filter>Header Files\Lua</Filter>
    </ClInclude>
    <ClInclude Include="..\..\Libs\Lunatic\Lua\Raw\src\lualib.h">
      <Filter>Header Files\Lua</Filter>
    </ClInclude>
    <ClInclude Include="..\..\Libs\Lunatic\Lua\Raw\src\lundump.h">
      <Filter>Header Files\Lua</Filter>
    </ClInclude>
    <ClInclude Include="..\..\Libs\Lunatic\Lua\Raw\src\lvm.h">
      <Filter>Header Files\Lua</Filter>
    </ClInclude>
    <ClInclude Include="..\..\Libs\Lunatic\Lua\Raw\src\lzio.h">
      <Filter>Header Files\Lua</Filter>
    </ClInclude>
    <ClInclude Include="resource.h">
      <Filter>Header Files</Filter>
    </ClInclude>
  </ItemGroup>
  <ItemGroup>
    <Image Include="Scyndi.ico">
      <Filter>Resource Files</Filter>
    </Image>
  </ItemGroup>
  <ItemGroup>
    <ResourceCompile Include="Resource.rc">
      <Filter>Resource Files</Filter>
    </ResourceCompile>
  </ItemGroup>
</Project>