<?xml version="1.0" encoding="utf-8"?>
<Project ToolsVersion="4.0" xmlns="http://schemas.microsoft.com/developer/msbuild/2003">
  <ItemGroup>
    <Filter Include="Source Files">
      <UniqueIdentifier>{4FC737F1-C7A5-4376-A066-2A32D752A2FF}</UniqueIdentifier>
      <Extensions>cpp;c;cc;cxx;c++;cppm;ixx;def;odl;idl;hpj;bat;asm;asmx</Extensions>
    </Filter>
    <Filter Include="Header Files">
      <UniqueIdentifier>{93995380-89BD-4b04-88EB-625FBE52EBFB}</UniqueIdentifier>
      <Extensions>h;hh;hpp;hxx;h++;hm;inl;inc;ipp;xsd</Extensions>
    </Filter>
    <Filter Include="Resource Files">
      <UniqueIdentifier>{67DA6AB6-F800-4c08-8B7A-83BB121AAD01}</UniqueIdentifier>
      <Extensions>rc;ico;cur;bmp;dlg;rc2;rct;bin;rgs;gif;jpg;jpeg;jpe;resx;tiff;tif;png;wav;mfcribbon-ms</Extensions>
    </Filter>
    <Filter Include="Source Files\Slyvina">
      <UniqueIdentifier>{06c14540-a2e0-43c0-b941-14d55fe4fd65}</UniqueIdentifier>
    </Filter>
    <Filter Include="Source Files\Slyvina\Units">
      <UniqueIdentifier>{e69762bc-d468-4cc8-9cf4-3144acc86aa4}</UniqueIdentifier>
    </Filter>
    <Filter Include="Source Files\Lua">
      <UniqueIdentifier>{341d3a7e-30d9-41e0-a391-e8ab96d6f820}</UniqueIdentifier>
    </Filter>
    <Filter Include="Source Files\Slyvina\Lunatic">
      <UniqueIdentifier>{38cd4957-eaf9-4202-9c5c-c8dfbf4477db}</UniqueIdentifier>
    </Filter>
    <Filter Include="Source Files\Script">
      <UniqueIdentifier>{de2838e6-239b-4d1c-a0aa-ff60cebf1001}</UniqueIdentifier>
    </Filter>
    <Filter Include="Source Files\Slyvina\JCR6">
      <UniqueIdentifier>{4af32486-ba74-46e6-9e96-ab57f7955957}</UniqueIdentifier>
    </Filter>
    <Filter Include="Source Files\dll">
      <UniqueIdentifier>{f00dac9e-c22f-438d-ba69-74f236ef38cb}</UniqueIdentifier>
    </Filter>
  </ItemGroup>
  <ItemGroup>
    <ClCompile Include="QuickScyndi.cpp">
      <Filter>Source Files</Filter>
    </ClCompile>
    <ClCompile Include="..\..\..\Libs\Units\Source\SlyvQCol.cpp">
      <Filter>Source Files\Slyvina\Units</Filter>
    </ClCompile>
    <ClCompile Include="..\..\..\Libs\Units\Source\SlyvSTOI.cpp">
      <Filter>Source Files\Slyvina\Units</Filter>
    </ClCompile>
    <ClCompile Include="..\..\..\Libs\Units\Source\SlyvStream.cpp">
      <Filter>Source Files\Slyvina\Units</Filter>
    </ClCompile>
    <ClCompile Include="..\..\..\Libs\Units\Source\SlyvString.cpp">
      <Filter>Source Files\Slyvina\Units</Filter>
    </ClCompile>
    <ClCompile Include="..\..\..\Libs\Units\Source\SlyvTime.cpp">
      <Filter>Source Files\Slyvina\Units</Filter>
    </ClCompile>
    <ClCompile Include="..\..\..\Libs\Units\Source\SlyvVolumes.cpp">
      <Filter>Source Files\Slyvina\Units</Filter>
    </ClCompile>
    <ClCompile Include="..\..\..\Libs\Lunatic\Lua\Raw\src\lapi.c">
      <Filter>Source Files\Lua</Filter>
    </ClCompile>
    <ClCompile Include="..\..\..\Libs\Lunatic\Lua\Raw\src\lauxlib.c">
      <Filter>Source Files\Lua</Filter>
    </ClCompile>
    <ClCompile Include="..\..\..\Libs\Lunatic\Lua\Raw\src\lbaselib.c">
      <Filter>Source Files\Lua</Filter>
    </ClCompile>
    <ClCompile Include="..\..\..\Libs\Lunatic\Lua\Raw\src\lcode.c">
      <Filter>Source Files\Lua</Filter>
    </ClCompile>
    <ClCompile Include="..\..\..\Libs\Lunatic\Lua\Raw\src\lcorolib.c">
      <Filter>Source Files\Lua</Filter>
    </ClCompile>
    <ClCompile Include="..\..\..\Libs\Lunatic\Lua\Raw\src\lctype.c">
      <Filter>Source Files\Lua</Filter>
    </ClCompile>
    <ClCompile Include="..\..\..\Libs\Lunatic\Lua\Raw\src\ldblib.c">
      <Filter>Source Files\Lua</Filter>
    </ClCompile>
    <ClCompile Include="..\..\..\Libs\Lunatic\Lua\Raw\src\ldebug.c">
      <Filter>Source Files\Lua</Filter>
    </ClCompile>
    <ClCompile Include="..\..\..\Libs\Lunatic\Lua\Raw\src\ldo.c">
      <Filter>Source Files\Lua</Filter>
    </ClCompile>
    <ClCompile Include="..\..\..\Libs\Lunatic\Lua\Raw\src\ldump.c">
      <Filter>Source Files\Lua</Filter>
    </ClCompile>
    <ClCompile Include="..\..\..\Libs\Lunatic\Lua\Raw\src\lfunc.c">
      <Filter>Source Files\Lua</Filter>
    </ClCompile>
    <ClCompile Include="..\..\..\Libs\Lunatic\Lua\Raw\src\lgc.c">
      <Filter>Source Files\Lua</Filter>
    </ClCompile>
    <ClCompile Include="..\..\..\Libs\Lunatic\Lua\Raw\src\linit.c">
      <Filter>Source Files\Lua</Filter>
    </ClCompile>
    <ClCompile Include="..\..\..\Libs\Lunatic\Lua\Raw\src\liolib.c">
      <Filter>Source Files\Lua</Filter>
    </ClCompile>
    <ClCompile Include="..\..\..\Libs\Lunatic\Lua\Raw\src\llex.c">
      <Filter>Source Files\Lua</Filter>
    </ClCompile>
    <ClCompile Include="..\..\..\Libs\Lunatic\Lua\Raw\src\lmathlib.c">
      <Filter>Source Files\Lua</Filter>
    </ClCompile>
    <ClCompile Include="..\..\..\Libs\Lunatic\Lua\Raw\src\lmem.c">
      <Filter>Source Files\Lua</Filter>
    </ClCompile>
    <ClCompile Include="..\..\..\Libs\Lunatic\Lua\Raw\src\loadlib.c">
      <Filter>Source Files\Lua</Filter>
    </ClCompile>
    <ClCompile Include="..\..\..\Libs\Lunatic\Lua\Raw\src\lobject.c">
      <Filter>Source Files\Lua</Filter>
    </ClCompile>
    <ClCompile Include="..\..\..\Libs\Lunatic\Lua\Raw\src\lopcodes.c">
      <Filter>Source Files\Lua</Filter>
    </ClCompile>
    <ClCompile Include="..\..\..\Libs\Lunatic\Lua\Raw\src\loslib.c">
      <Filter>Source Files\Lua</Filter>
    </ClCompile>
    <ClCompile Include="..\..\..\Libs\Lunatic\Lua\Raw\src\lparser.c">
      <Filter>Source Files\Lua</Filter>
    </ClCompile>
    <ClCompile Include="..\..\..\Libs\Lunatic\Lua\Raw\src\lstate.c">
      <Filter>Source Files\Lua</Filter>
    </ClCompile>
    <ClCompile Include="..\..\..\Libs\Lunatic\Lua\Raw\src\lstring.c">
      <Filter>Source Files\Lua</Filter>
    </ClCompile>
    <ClCompile Include="..\..\..\Libs\Lunatic\Lua\Raw\src\lstrlib.c">
      <Filter>Source Files\Lua</Filter>
    </ClCompile>
    <ClCompile Include="..\..\..\Libs\Lunatic\Lua\Raw\src\ltable.c">
      <Filter>Source Files\Lua</Filter>
    </ClCompile>
    <ClCompile Include="..\..\..\Libs\Lunatic\Lua\Raw\src\ltablib.c">
      <Filter>Source Files\Lua</Filter>
    </ClCompile>
    <ClCompile Include="..\..\..\Libs\Lunatic\Lua\Raw\src\ltm.c">
      <Filter>Source Files\Lua</Filter>
    </ClCompile>
    <ClCompile Include="..\..\..\Libs\Lunatic\Lua\Raw\src\lundump.c">
      <Filter>Source Files\Lua</Filter>
    </ClCompile>
    <ClCompile Include="..\..\..\Libs\Lunatic\Lua\Raw\src\lutf8lib.c">
      <Filter>Source Files\Lua</Filter>
    </ClCompile>
    <ClCompile Include="..\..\..\Libs\Lunatic\Lua\Raw\src\lvm.c">
      <Filter>Source Files\Lua</Filter>
    </ClCompile>
    <ClCompile Include="..\..\..\Libs\Lunatic\Lua\Raw\src\lzio.c">
      <Filter>Source Files\Lua</Filter>
    </ClCompile>
    <ClCompile Include="..\..\..\Libs\Lunatic\Lunatic.cpp">
      <Filter>Source Files\Slyvina\Lunatic</Filter>
    </ClCompile>
    <ClCompile Include="..\..\..\Libs\JCR6\Source\JCR6_Core.cpp">
      <Filter>Source Files\Slyvina\JCR6</Filter>
    </ClCompile>
    <ClCompile Include="..\..\..\Libs\JCR6\Source\JCR6_zlib.cpp">
      <Filter>Source Files\Slyvina\JCR6</Filter>
    </ClCompile>
    <ClCompile Include="..\..\..\Libs\Units\Source\SlyvBank.cpp">
      <Filter>Source Files\Slyvina\Units</Filter>
    </ClCompile>
  </ItemGroup>
  <ItemGroup>
    <ClInclude Include="..\..\..\Libs\Lunatic\Lua\Raw\src\lapi.h">
      <Filter>Source Files\Lua</Filter>
    </ClInclude>
    <ClInclude Include="..\..\..\Libs\Lunatic\Lua\Raw\src\lauxlib.h">
      <Filter>Source Files\Lua</Filter>
    </ClInclude>
    <ClInclude Include="..\..\..\Libs\Lunatic\Lua\Raw\src\lcode.h">
      <Filter>Source Files\Lua</Filter>
    </ClInclude>
    <ClInclude Include="..\..\..\Libs\Lunatic\Lua\Raw\src\lctype.h">
      <Filter>Source Files\Lua</Filter>
    </ClInclude>
    <ClInclude Include="..\..\..\Libs\Lunatic\Lua\Raw\src\ldebug.h">
      <Filter>Source Files\Lua</Filter>
    </ClInclude>
    <ClInclude Include="..\..\..\Libs\Lunatic\Lua\Raw\src\ldo.h">
      <Filter>Source Files\Lua</Filter>
    </ClInclude>
    <ClInclude Include="..\..\..\Libs\Lunatic\Lua\Raw\src\lfunc.h">
      <Filter>Source Files\Lua</Filter>
    </ClInclude>
    <ClInclude Include="..\..\..\Libs\Lunatic\Lua\Raw\src\lgc.h">
      <Filter>Source Files\Lua</Filter>
    </ClInclude>
    <ClInclude Include="..\..\..\Libs\Lunatic\Lua\Raw\src\ljumptab.h">
      <Filter>Source Files\Lua</Filter>
    </ClInclude>
    <ClInclude Include="..\..\..\Libs\Lunatic\Lua\Raw\src\llex.h">
      <Filter>Source Files\Lua</Filter>
    </ClInclude>
    <ClInclude Include="..\..\..\Libs\Lunatic\Lua\Raw\src\llimits.h">
      <Filter>Source Files\Lua</Filter>
    </ClInclude>
    <ClInclude Include="..\..\..\Libs\Lunatic\Lua\Raw\src\lmem.h">
      <Filter>Source Files\Lua</Filter>
    </ClInclude>
    <ClInclude Include="..\..\..\Libs\Lunatic\Lua\Raw\src\lobject.h">
      <Filter>Source Files\Lua</Filter>
    </ClInclude>
    <ClInclude Include="..\..\..\Libs\Lunatic\Lua\Raw\src\lopcodes.h">
      <Filter>Source Files\Lua</Filter>
    </ClInclude>
    <ClInclude Include="..\..\..\Libs\Lunatic\Lua\Raw\src\lopnames.h">
      <Filter>Source Files\Lua</Filter>
    </ClInclude>
    <ClInclude Include="..\..\..\Libs\Lunatic\Lua\Raw\src\lparser.h">
      <Filter>Source Files\Lua</Filter>
    </ClInclude>
    <ClInclude Include="..\..\..\Libs\Lunatic\Lua\Raw\src\lprefix.h">
      <Filter>Source Files\Lua</Filter>
    </ClInclude>
    <ClInclude Include="..\..\..\Libs\Lunatic\Lua\Raw\src\lstate.h">
      <Filter>Source Files\Lua</Filter>
    </ClInclude>
    <ClInclude Include="..\..\..\Libs\Lunatic\Lua\Raw\src\lstring.h">
      <Filter>Source Files\Lua</Filter>
    </ClInclude>
    <ClInclude Include="..\..\..\Libs\Lunatic\Lua\Raw\src\ltable.h">
      <Filter>Source Files\Lua</Filter>
    </ClInclude>
    <ClInclude Include="..\..\..\Libs\Lunatic\Lua\Raw\src\ltm.h">
      <Filter>Source Files\Lua</Filter>
    </ClInclude>
    <ClInclude Include="..\..\..\Libs\Lunatic\Lua\Raw\src\lua.h">
      <Filter>Source Files\Lua</Filter>
    </ClInclude>
    <ClInclude Include="..\..\..\Libs\Lunatic\Lua\Raw\src\lua.hpp">
      <Filter>Source Files\Lua</Filter>
    </ClInclude>
    <ClInclude Include="..\..\..\Libs\Lunatic\Lua\Raw\src\luaconf.h">
      <Filter>Source Files\Lua</Filter>
    </ClInclude>
    <ClInclude Include="..\..\..\Libs\Lunatic\Lua\Raw\src\lualib.h">
      <Filter>Source Files\Lua</Filter>
    </ClInclude>
    <ClInclude Include="..\..\..\Libs\Lunatic\Lua\Raw\src\lundump.h">
      <Filter>Source Files\Lua</Filter>
    </ClInclude>
    <ClInclude Include="..\..\..\Libs\Lunatic\Lua\Raw\src\lvm.h">
      <Filter>Source Files\Lua</Filter>
    </ClInclude>
    <ClInclude Include="..\..\..\Libs\Lunatic\Lua\Raw\src\lzio.h">
      <Filter>Source Files\Lua</Filter>
    </ClInclude>
  </ItemGroup>
  <ItemGroup>
    <None Include="..\..\..\Libs\Lunatic\Lua\Raw\src\Makefile">
      <Filter>Source Files\Lua</Filter>
    </None>
    <None Include="..\Script\ScyndiCoreDump.lua">
      <Filter>Source Files\Script</Filter>
    </None>
    <None Include="..\Script\ScyndiCoreTest.lua">
      <Filter>Source Files\Script</Filter>
    </None>
  </ItemGroup>
  <ItemGroup>
    <CopyFileToFolders Include="..\Script\ScyndiCore.lua">
      <Filter>Source Files\Script</Filter>
    </CopyFileToFolders>
    <CopyFileToFolders Include="..\..\..\Libs\JCR6\3rdParty\zlib\zlib.dll">
      <Filter>Source Files\dll</Filter>
    </CopyFileToFolders>
  </ItemGroup>
</Project>